
Microsoft Visual Studio Solution File, Format Version 12.00
# Visual Studio Version 16
VisualStudioVersion = 16.0.31205.134
MinimumVisualStudioVersion = 10.0.40219.1
Project("{FAE04EC0-301F-11D3-BF4B-00C04F79EFBC}") = "Parking_NET_Project", "Parking_NET_Project\Parking_NET_Project.csproj", "{AC767BBA-9089-46E0-B78F-89AC69E28DFE}"
EndProject
Project("{FAE04EC0-301F-11D3-BF4B-00C04F79EFBC}") = "DAL", "DAL\DAL.csproj", "{DBD80F3A-8931-4067-8082-A1048B3079B9}"
EndProject
Project("{FAE04EC0-301F-11D3-BF4B-00C04F79EFBC}") = "Entities", "Entities\Entities.csproj", "{27598458-5981-4C76-ACE4-13C767B4782B}"
EndProject
Project("{FAE04EC0-301F-11D3-BF4B-00C04F79EFBC}") = "BL", "BL\BL.csproj", "{737C9D44-F0B1-4BD4-9CCC-4691675726FC}"
EndProject
Global
	GlobalSection(SolutionConfigurationPlatforms) = preSolution
		Debug|Any CPU = Debug|Any CPU
		Release|Any CPU = Release|Any CPU
	EndGlobalSection
	GlobalSection(ProjectConfigurationPlatforms) = postSolution
		{AC767BBA-9089-46E0-B78F-89AC69E28DFE}.Debug|Any CPU.ActiveCfg = Debug|Any CPU
		{AC767BBA-9089-46E0-B78F-89AC69E28DFE}.Debug|Any CPU.Build.0 = Debug|Any CPU
		{AC767BBA-9089-46E0-B78F-89AC69E28DFE}.Release|Any CPU.ActiveCfg = Release|Any CPU
		{AC767BBA-9089-46E0-B78F-89AC69E28DFE}.Release|Any CPU.Build.0 = Release|Any CPU
		{DBD80F3A-8931-4067-8082-A1048B3079B9}.Debug|Any CPU.ActiveCfg = Debug|Any CPU
		{DBD80F3A-8931-4067-8082-A1048B3079B9}.Debug|Any CPU.Build.0 = Debug|Any CPU
		{DBD80F3A-8931-4067-8082-A1048B3079B9}.Release|Any CPU.ActiveCfg = Release|Any CPU
		{DBD80F3A-8931-4067-8082-A1048B3079B9}.Release|Any CPU.Build.0 = Release|Any CPU
		{27598458-5981-4C76-ACE4-13C767B4782B}.Debug|Any CPU.ActiveCfg = Debug|Any CPU
		{27598458-5981-4C76-ACE4-13C767B4782B}.Debug|Any CPU.Build.0 = Debug|Any CPU
		{27598458-5981-4C76-ACE4-13C767B4782B}.Release|Any CPU.ActiveCfg = Release|Any CPU
		{27598458-5981-4C76-ACE4-13C767B4782B}.Release|Any CPU.Build.0 = Release|Any CPU
		{737C9D44-F0B1-4BD4-9CCC-4691675726FC}.Debug|Any CPU.ActiveCfg = Debug|Any CPU
		{737C9D44-F0B1-4BD4-9CCC-4691675726FC}.Debug|Any CPU.Build.0 = Debug|Any CPU
		{737C9D44-F0B1-4BD4-9CCC-4691675726FC}.Release|Any CPU.ActiveCfg = Release|Any CPU
		{737C9D44-F0B1-4BD4-9CCC-4691675726FC}.Release|Any CPU.Build.0 = Release|Any CPU
	EndGlobalSection
	GlobalSection(SolutionProperties) = preSolution
		HideSolutionNode = FALSE
	EndGlobalSection
	GlobalSection(ExtensibilityGlobals) = postSolution
		SolutionGuid = {489CFD9B-FC0D-4F69-8C23-23484A820A0E}
	EndGlobalSection
EndGlobal
